
Microsoft Visual Studio Solution File, Format Version 12.00
# Visual Studio Version 17
VisualStudioVersion = 17.9.34728.123
MinimumVisualStudioVersion = 10.0.40219.1
Project("{FAE04EC0-301F-11D3-BF4B-00C04F79EFBC}") = "Duracellko.NET", "Duracellko.NET\Duracellko.NET.csproj", "{F3914708-FE45-4D00-9429-680D5E5484DB}"
EndProject
Project("{FAE04EC0-301F-11D3-BF4B-00C04F79EFBC}") = "Duracellko.WebSiteFunctions", "Duracellko.WebSiteFunctions\Duracellko.WebSiteFunctions.csproj", "{A8AFD38A-B2B0-4430-A365-A4DAA1E5E169}"
EndProject
Global
	GlobalSection(SolutionConfigurationPlatforms) = preSolution
		Debug|Any CPU = Debug|Any CPU
		Release|Any CPU = Release|Any CPU
	EndGlobalSection
	GlobalSection(ProjectConfigurationPlatforms) = postSolution
		{F3914708-FE45-4D00-9429-680D5E5484DB}.Debug|Any CPU.ActiveCfg = Debug|Any CPU
		{F3914708-FE45-4D00-9429-680D5E5484DB}.Debug|Any CPU.Build.0 = Debug|Any CPU
		{F3914708-FE45-4D00-9429-680D5E5484DB}.Release|Any CPU.ActiveCfg = Release|Any CPU
		{F3914708-FE45-4D00-9429-680D5E5484DB}.Release|Any CPU.Build.0 = Release|Any CPU
		{A8AFD38A-B2B0-4430-A365-A4DAA1E5E169}.Debug|Any CPU.ActiveCfg = Debug|Any CPU
		{A8AFD38A-B2B0-4430-A365-A4DAA1E5E169}.Debug|Any CPU.Build.0 = Debug|Any CPU
		{A8AFD38A-B2B0-4430-A365-A4DAA1E5E169}.Release|Any CPU.ActiveCfg = Release|Any CPU
		{A8AFD38A-B2B0-4430-A365-A4DAA1E5E169}.Release|Any CPU.Build.0 = Release|Any CPU
	EndGlobalSection
	GlobalSection(SolutionProperties) = preSolution
		HideSolutionNode = FALSE
	EndGlobalSection
	GlobalSection(ExtensibilityGlobals) = postSolution
		SolutionGuid = {FC0CE574-9E28-4908-954D-931518353016}
	EndGlobalSection
EndGlobal
